
Microsoft Visual Studio Solution File, Format Version 12.00
# Visual Studio 15
VisualStudioVersion = 15.0.28307.421
MinimumVisualStudioVersion = 10.0.40219.1
Project("{FAE04EC0-301F-11D3-BF4B-00C04F79EFBC}") = "AppWeb", "MySql\AppWeb.csproj", "{584B625A-D9A1-4F07-B80F-8CD533F13DCB}"
EndProject
Project("{FAE04EC0-301F-11D3-BF4B-00C04F79EFBC}") = "Entity", "Entity\Entity.csproj", "{5610754B-45DC-4A82-A87F-8B30497F0AF7}"
EndProject
Project("{FAE04EC0-301F-11D3-BF4B-00C04F79EFBC}") = "DataLocal", "DataLocal\DataLocal.csproj", "{9073E3DC-FCC4-462F-A117-B825583ECCF4}"
EndProject
Project("{FAE04EC0-301F-11D3-BF4B-00C04F79EFBC}") = "Interfaces", "Interfaces\Interfaces.csproj", "{C44072E1-A72A-4360-8A76-CA5717BA9B93}"
EndProject
Project("{FAE04EC0-301F-11D3-BF4B-00C04F79EFBC}") = "BusinessLogic", "BusinessLogic\BusinessLogic.csproj", "{6A0B4F42-6045-4FF7-841F-B0F1B34EF2BF}"
EndProject
Project("{FAE04EC0-301F-11D3-BF4B-00C04F79EFBC}") = "GeneralConfig", "GeneralConfig\GeneralConfig.csproj", "{46D6C90B-1866-424A-A885-A86100C40008}"
EndProject
Global
	GlobalSection(SolutionConfigurationPlatforms) = preSolution
		Debug|Any CPU = Debug|Any CPU
		Debug|x64 = Debug|x64
		Debug|x86 = Debug|x86
		Release|Any CPU = Release|Any CPU
		Release|x64 = Release|x64
		Release|x86 = Release|x86
	EndGlobalSection
	GlobalSection(ProjectConfigurationPlatforms) = postSolution
		{584B625A-D9A1-4F07-B80F-8CD533F13DCB}.Debug|Any CPU.ActiveCfg = Debug|Any CPU
		{584B625A-D9A1-4F07-B80F-8CD533F13DCB}.Debug|Any CPU.Build.0 = Debug|Any CPU
		{584B625A-D9A1-4F07-B80F-8CD533F13DCB}.Debug|x64.ActiveCfg = Debug|x64
		{584B625A-D9A1-4F07-B80F-8CD533F13DCB}.Debug|x64.Build.0 = Debug|x64
		{584B625A-D9A1-4F07-B80F-8CD533F13DCB}.Debug|x86.ActiveCfg = Debug|Any CPU
		{584B625A-D9A1-4F07-B80F-8CD533F13DCB}.Debug|x86.Build.0 = Debug|Any CPU
		{584B625A-D9A1-4F07-B80F-8CD533F13DCB}.Release|Any CPU.ActiveCfg = Release|Any CPU
		{584B625A-D9A1-4F07-B80F-8CD533F13DCB}.Release|Any CPU.Build.0 = Release|Any CPU
		{584B625A-D9A1-4F07-B80F-8CD533F13DCB}.Release|x64.ActiveCfg = Release|x64
		{584B625A-D9A1-4F07-B80F-8CD533F13DCB}.Release|x64.Build.0 = Release|x64
		{584B625A-D9A1-4F07-B80F-8CD533F13DCB}.Release|x86.ActiveCfg = Release|Any CPU
		{584B625A-D9A1-4F07-B80F-8CD533F13DCB}.Release|x86.Build.0 = Release|Any CPU
		{5610754B-45DC-4A82-A87F-8B30497F0AF7}.Debug|Any CPU.ActiveCfg = Debug|Any CPU
		{5610754B-45DC-4A82-A87F-8B30497F0AF7}.Debug|Any CPU.Build.0 = Debug|Any CPU
		{5610754B-45DC-4A82-A87F-8B30497F0AF7}.Debug|x64.ActiveCfg = Debug|x64
		{5610754B-45DC-4A82-A87F-8B30497F0AF7}.Debug|x64.Build.0 = Debug|x64
		{5610754B-45DC-4A82-A87F-8B30497F0AF7}.Debug|x86.ActiveCfg = Debug|Any CPU
		{5610754B-45DC-4A82-A87F-8B30497F0AF7}.Debug|x86.Build.0 = Debug|Any CPU
		{5610754B-45DC-4A82-A87F-8B30497F0AF7}.Release|Any CPU.ActiveCfg = Release|Any CPU
		{5610754B-45DC-4A82-A87F-8B30497F0AF7}.Release|Any CPU.Build.0 = Release|Any CPU
		{5610754B-45DC-4A82-A87F-8B30497F0AF7}.Release|x64.ActiveCfg = Release|x64
		{5610754B-45DC-4A82-A87F-8B30497F0AF7}.Release|x64.Build.0 = Release|x64
		{5610754B-45DC-4A82-A87F-8B30497F0AF7}.Release|x86.ActiveCfg = Release|Any CPU
		{5610754B-45DC-4A82-A87F-8B30497F0AF7}.Release|x86.Build.0 = Release|Any CPU
		{9073E3DC-FCC4-462F-A117-B825583ECCF4}.Debug|Any CPU.ActiveCfg = Debug|Any CPU
		{9073E3DC-FCC4-462F-A117-B825583ECCF4}.Debug|Any CPU.Build.0 = Debug|Any CPU
		{9073E3DC-FCC4-462F-A117-B825583ECCF4}.Debug|x64.ActiveCfg = Debug|x64
		{9073E3DC-FCC4-462F-A117-B825583ECCF4}.Debug|x64.Build.0 = Debug|x64
		{9073E3DC-FCC4-462F-A117-B825583ECCF4}.Debug|x86.ActiveCfg = Debug|Any CPU
		{9073E3DC-FCC4-462F-A117-B825583ECCF4}.Debug|x86.Build.0 = Debug|Any CPU
		{9073E3DC-FCC4-462F-A117-B825583ECCF4}.Release|Any CPU.ActiveCfg = Release|Any CPU
		{9073E3DC-FCC4-462F-A117-B825583ECCF4}.Release|Any CPU.Build.0 = Release|Any CPU
		{9073E3DC-FCC4-462F-A117-B825583ECCF4}.Release|x64.ActiveCfg = Release|x64
		{9073E3DC-FCC4-462F-A117-B825583ECCF4}.Release|x64.Build.0 = Release|x64
		{9073E3DC-FCC4-462F-A117-B825583ECCF4}.Release|x86.ActiveCfg = Release|x86
		{9073E3DC-FCC4-462F-A117-B825583ECCF4}.Release|x86.Build.0 = Release|x86
		{C44072E1-A72A-4360-8A76-CA5717BA9B93}.Debug|Any CPU.ActiveCfg = Debug|Any CPU
		{C44072E1-A72A-4360-8A76-CA5717BA9B93}.Debug|Any CPU.Build.0 = Debug|Any CPU
		{C44072E1-A72A-4360-8A76-CA5717BA9B93}.Debug|x64.ActiveCfg = Debug|x64
		{C44072E1-A72A-4360-8A76-CA5717BA9B93}.Debug|x64.Build.0 = Debug|x64
		{C44072E1-A72A-4360-8A76-CA5717BA9B93}.Debug|x86.ActiveCfg = Debug|Any CPU
		{C44072E1-A72A-4360-8A76-CA5717BA9B93}.Debug|x86.Build.0 = Debug|Any CPU
		{C44072E1-A72A-4360-8A76-CA5717BA9B93}.Release|Any CPU.ActiveCfg = Release|Any CPU
		{C44072E1-A72A-4360-8A76-CA5717BA9B93}.Release|Any CPU.Build.0 = Release|Any CPU
		{C44072E1-A72A-4360-8A76-CA5717BA9B93}.Release|x64.ActiveCfg = Release|x64
		{C44072E1-A72A-4360-8A76-CA5717BA9B93}.Release|x64.Build.0 = Release|x64
		{C44072E1-A72A-4360-8A76-CA5717BA9B93}.Release|x86.ActiveCfg = Release|Any CPU
		{C44072E1-A72A-4360-8A76-CA5717BA9B93}.Release|x86.Build.0 = Release|Any CPU
		{6A0B4F42-6045-4FF7-841F-B0F1B34EF2BF}.Debug|Any CPU.ActiveCfg = Debug|Any CPU
		{6A0B4F42-6045-4FF7-841F-B0F1B34EF2BF}.Debug|Any CPU.Build.0 = Debug|Any CPU
		{6A0B4F42-6045-4FF7-841F-B0F1B34EF2BF}.Debug|x64.ActiveCfg = Debug|x64
		{6A0B4F42-6045-4FF7-841F-B0F1B34EF2BF}.Debug|x64.Build.0 = Debug|x64
		{6A0B4F42-6045-4FF7-841F-B0F1B34EF2BF}.Debug|x86.ActiveCfg = Debug|Any CPU
		{6A0B4F42-6045-4FF7-841F-B0F1B34EF2BF}.Debug|x86.Build.0 = Debug|Any CPU
		{6A0B4F42-6045-4FF7-841F-B0F1B34EF2BF}.Release|Any CPU.ActiveCfg = Release|Any CPU
		{6A0B4F42-6045-4FF7-841F-B0F1B34EF2BF}.Release|Any CPU.Build.0 = Release|Any CPU
		{6A0B4F42-6045-4FF7-841F-B0F1B34EF2BF}.Release|x64.ActiveCfg = Release|x64
		{6A0B4F42-6045-4FF7-841F-B0F1B34EF2BF}.Release|x64.Build.0 = Release|x64
		{6A0B4F42-6045-4FF7-841F-B0F1B34EF2BF}.Release|x86.ActiveCfg = Release|Any CPU
		{6A0B4F42-6045-4FF7-841F-B0F1B34EF2BF}.Release|x86.Build.0 = Release|Any CPU
		{46D6C90B-1866-424A-A885-A86100C40008}.Debug|Any CPU.ActiveCfg = Debug|Any CPU
		{46D6C90B-1866-424A-A885-A86100C40008}.Debug|Any CPU.Build.0 = Debug|Any CPU
		{46D6C90B-1866-424A-A885-A86100C40008}.Debug|x64.ActiveCfg = Debug|x64
		{46D6C90B-1866-424A-A885-A86100C40008}.Debug|x64.Build.0 = Debug|x64
		{46D6C90B-1866-424A-A885-A86100C40008}.Debug|x86.ActiveCfg = Debug|Any CPU
		{46D6C90B-1866-424A-A885-A86100C40008}.Debug|x86.Build.0 = Debug|Any CPU
		{46D6C90B-1866-424A-A885-A86100C40008}.Release|Any CPU.ActiveCfg = Release|Any CPU
		{46D6C90B-1866-424A-A885-A86100C40008}.Release|Any CPU.Build.0 = Release|Any CPU
		{46D6C90B-1866-424A-A885-A86100C40008}.Release|x64.ActiveCfg = Release|x64
		{46D6C90B-1866-424A-A885-A86100C40008}.Release|x64.Build.0 = Release|x64
		{46D6C90B-1866-424A-A885-A86100C40008}.Release|x86.ActiveCfg = Release|Any CPU
		{46D6C90B-1866-424A-A885-A86100C40008}.Release|x86.Build.0 = Release|Any CPU
	EndGlobalSection
	GlobalSection(SolutionProperties) = preSolution
		HideSolutionNode = FALSE
	EndGlobalSection
	GlobalSection(ExtensibilityGlobals) = postSolution
		SolutionGuid = {6B1B0A1B-F925-40D3-83BF-AAC55240F0B1}
	EndGlobalSection
EndGlobal
